
Microsoft Visual Studio Solution File, Format Version 12.00
# Visual Studio Version 17
VisualStudioVersion = 17.6.33829.357
MinimumVisualStudioVersion = 10.0.40219.1
Project("{FAE04EC0-301F-11D3-BF4B-00C04F79EFBC}") = "C# Alura - Orientação a Objeto", "C# Alura - Orientação a Objeto\C# Alura - Orientação a Objeto.csproj", "{45550E98-5EAA-4BEF-88A8-D7F31A0659D2}"
EndProject
Global
	GlobalSection(SolutionConfigurationPlatforms) = preSolution
		Debug|Any CPU = Debug|Any CPU
		Release|Any CPU = Release|Any CPU
	EndGlobalSection
	GlobalSection(ProjectConfigurationPlatforms) = postSolution
		{45550E98-5EAA-4BEF-88A8-D7F31A0659D2}.Debug|Any CPU.ActiveCfg = Debug|Any CPU
		{45550E98-5EAA-4BEF-88A8-D7F31A0659D2}.Debug|Any CPU.Build.0 = Debug|Any CPU
		{45550E98-5EAA-4BEF-88A8-D7F31A0659D2}.Release|Any CPU.ActiveCfg = Release|Any CPU
		{45550E98-5EAA-4BEF-88A8-D7F31A0659D2}.Release|Any CPU.Build.0 = Release|Any CPU
	EndGlobalSection
	GlobalSection(SolutionProperties) = preSolution
		HideSolutionNode = FALSE
	EndGlobalSection
	GlobalSection(ExtensibilityGlobals) = postSolution
		SolutionGuid = {74F83288-FC3A-45E9-91DF-BEAB108B15A5}
	EndGlobalSection
EndGlobal
